<?xml version="1.0" encoding="utf-8"?>
<Project ToolsVersion="4.0" xmlns="http://schemas.microsoft.com/developer/msbuild/2003">
  <ItemGroup>
    <ClCompile Include="CYondSocket.cpp">
      <Filter>Source Files</Filter>
    </ClCompile>
    <ClCompile Include="CChatServer.cpp">
      <Filter>Source Files</Filter>
    </ClCompile>
    <ClCompile Include="main.cpp">
      <Filter>Source Files</Filter>
    </ClCompile>
    <ClCompile Include="CYondHandleEvent.cpp">
      <Filter>Source Files</Filter>
    </ClCompile>
    <ClCompile Include="CYondThreadPool.cpp" />
  </ItemGroup>
  <ItemGroup>
    <Filter Include="Header Files">
      <UniqueIdentifier>{2f6ae67c-7e54-41be-ae64-8a9fdcb7ce3d}</UniqueIdentifier>
    </Filter>
    <Filter Include="Source Files">
      <UniqueIdentifier>{fce96eb2-14a6-46b0-81a1-63aca7ce1139}</UniqueIdentifier>
    </Filter>
    <Filter Include="common">
      <UniqueIdentifier>{a4a965ec-5e23-4ad7-81a0-1f9e0542a33c}</UniqueIdentifier>
    </Filter>
  </ItemGroup>
  <ItemGroup>
    <ClInclude Include="CYondSocket.h">
      <Filter>Header Files</Filter>
    </ClInclude>
    <ClInclude Include="CChatServer.h">
      <Filter>Header Files</Filter>
    </ClInclude>
    <ClInclude Include="CYondErr.h">
      <Filter>common</Filter>
    </ClInclude>
    <ClInclude Include="CYondLog.h">
      <Filter>common</Filter>
    </ClInclude>
    <ClInclude Include="CYondHandleEvent.h">
      <Filter>Header Files</Filter>
    </ClInclude>
    <ClInclude Include="CYondThreadPool.h" />
  </ItemGroup>
</Project>